
Microsoft Visual Studio Solution File, Format Version 12.00
# Visual Studio Version 16
VisualStudioVersion = 16.0.31321.278
MinimumVisualStudioVersion = 10.0.40219.1
Project("{FAE04EC0-301F-11D3-BF4B-00C04F79EFBC}") = "PlanyaDancing", "PlanyaDancing\PlanyaDancing.csproj", "{D4291EE2-D3DC-4B3E-BAE8-3CE8364980F7}"
EndProject
Global
	GlobalSection(SolutionConfigurationPlatforms) = preSolution
		Debug|Any CPU = Debug|Any CPU
		Release|Any CPU = Release|Any CPU
	EndGlobalSection
	GlobalSection(ProjectConfigurationPlatforms) = postSolution
		{D4291EE2-D3DC-4B3E-BAE8-3CE8364980F7}.Debug|Any CPU.ActiveCfg = Debug|Any CPU
		{D4291EE2-D3DC-4B3E-BAE8-3CE8364980F7}.Debug|Any CPU.Build.0 = Debug|Any CPU
		{D4291EE2-D3DC-4B3E-BAE8-3CE8364980F7}.Release|Any CPU.ActiveCfg = Release|Any CPU
		{D4291EE2-D3DC-4B3E-BAE8-3CE8364980F7}.Release|Any CPU.Build.0 = Release|Any CPU
	EndGlobalSection
	GlobalSection(SolutionProperties) = preSolution
		HideSolutionNode = FALSE
	EndGlobalSection
	GlobalSection(ExtensibilityGlobals) = postSolution
		SolutionGuid = {34DF6A2B-E604-4D26-A190-498DE8920B46}
	EndGlobalSection
EndGlobal
